{
  "name": "tdaxis.github.io",
  "version": "1.0.0",
  "lockfileVersion": 2,
  "requires": true,
  "packages": {
    "": {
      "version": "1.0.0",
      "license": "ISC",
      "dependencies": {
        "@creativebulma/bulma-collapsible": "^1.0.4",
        "animate.css": "^4.1.1",
        "bulma": "^0.9.1",
        "bulma-extensions": "^6.2.7",
        "bulma-steps": "^2.2.1"
      }
    },
    "node_modules/@creativebulma/bulma-collapsible": {
      "version": "1.0.4",
      "resolved": "https://registry.npmjs.org/@creativebulma/bulma-collapsible/-/bulma-collapsible-1.0.4.tgz",
      "integrity": "sha512-aNqSwyuJxshoIc4oD3wJ3eRqOANRweYfpzqmef/fj5tf0Yn7UVx99yh8ovY6vhB8Il31bFcc7f/eRfJvEMNUPw==",
      "dependencies": {
        "bulma": "^0.9.1"
      }
    },
    "node_modules/@creativebulma/bulma-collapsible/node_modules/bulma": {
      "version": "0.9.1",
      "resolved": "https://registry.npmjs.org/bulma/-/bulma-0.9.1.tgz",
      "integrity": "sha512-LSF69OumXg2HSKl2+rN0/OEXJy7WFEb681wtBlNS/ulJYR27J3rORHibdXZ6GVb/vyUzzYK/Arjyh56wjbFedA=="
    },
    "node_modules/animate.css": {
      "version": "4.1.1",
      "resolved": "https://registry.npmjs.org/animate.css/-/animate.css-4.1.1.tgz",
      "integrity": "sha512-+mRmCTv6SbCmtYJCN4faJMNFVNN5EuCTTprDTAo7YzIGji2KADmakjVA3+8mVDkZ2Bf09vayB35lSQIex2+QaQ=="
    },
    "node_modules/bulma": {
      "version": "0.9.1",
      "resolved": "https://registry.npmjs.org/bulma/-/bulma-0.9.1.tgz",
      "integrity": "sha512-LSF69OumXg2HSKl2+rN0/OEXJy7WFEb681wtBlNS/ulJYR27J3rORHibdXZ6GVb/vyUzzYK/Arjyh56wjbFedA=="
    },
    "node_modules/bulma-extensions": {
      "version": "6.2.7",
      "resolved": "https://registry.npmjs.org/bulma-extensions/-/bulma-extensions-6.2.7.tgz",
      "integrity": "sha512-y3dHsxlCYkuxUg87KKN9H4InM8NCk8tdnrlxLkYak8sd2WQdllg3wP2Nv41lj8X46uPXX2ADP0MO65LlXPHt/Q=="
    },
    "node_modules/bulma-steps": {
      "version": "2.2.1",
      "resolved": "https://registry.npmjs.org/bulma-steps/-/bulma-steps-2.2.1.tgz",
      "integrity": "sha512-fD50xz49zPVAfsRNcwBR7rd1lgNdKrcsIXAfVMwMH9A6iDhauOTkiEJOxXj4xZuW/CI6JpV+fCgj5uIuN1lP3Q=="
    }
  },
  "dependencies": {
    "@creativebulma/bulma-collapsible": {
      "version": "1.0.4",
      "resolved": "https://registry.npmjs.org/@creativebulma/bulma-collapsible/-/bulma-collapsible-1.0.4.tgz",
      "integrity": "sha512-aNqSwyuJxshoIc4oD3wJ3eRqOANRweYfpzqmef/fj5tf0Yn7UVx99yh8ovY6vhB8Il31bFcc7f/eRfJvEMNUPw==",
      "requires": {
        "bulma": "^0.9.1"
      },
      "dependencies": {
        "bulma": {
          "version": "0.9.1",
          "resolved": "https://registry.npmjs.org/bulma/-/bulma-0.9.1.tgz",
          "integrity": "sha512-LSF69OumXg2HSKl2+rN0/OEXJy7WFEb681wtBlNS/ulJYR27J3rORHibdXZ6GVb/vyUzzYK/Arjyh56wjbFedA=="
        }
      }
    },
    "animate.css": {
      "version": "4.1.1",
      "resolved": "https://registry.npmjs.org/animate.css/-/animate.css-4.1.1.tgz",
      "integrity": "sha512-+mRmCTv6SbCmtYJCN4faJMNFVNN5EuCTTprDTAo7YzIGji2KADmakjVA3+8mVDkZ2Bf09vayB35lSQIex2+QaQ=="
    },
    "bulma": {
      "version": "0.9.1",
      "resolved": "https://registry.npmjs.org/bulma/-/bulma-0.9.1.tgz",
      "integrity": "sha512-LSF69OumXg2HSKl2+rN0/OEXJy7WFEb681wtBlNS/ulJYR27J3rORHibdXZ6GVb/vyUzzYK/Arjyh56wjbFedA=="
    },
    "bulma-extensions": {
      "version": "6.2.7",
      "resolved": "https://registry.npmjs.org/bulma-extensions/-/bulma-extensions-6.2.7.tgz",
      "integrity": "sha512-y3dHsxlCYkuxUg87KKN9H4InM8NCk8tdnrlxLkYak8sd2WQdllg3wP2Nv41lj8X46uPXX2ADP0MO65LlXPHt/Q=="
    },
    "bulma-steps": {
      "version": "2.2.1",
      "resolved": "https://registry.npmjs.org/bulma-steps/-/bulma-steps-2.2.1.tgz",
      "integrity": "sha512-fD50xz49zPVAfsRNcwBR7rd1lgNdKrcsIXAfVMwMH9A6iDhauOTkiEJOxXj4xZuW/CI6JpV+fCgj5uIuN1lP3Q=="
    }
  }
}
